
Microsoft Visual Studio Solution File, Format Version 11.00
# Visual Studio 2010
Project("{FAE04EC0-301F-11D3-BF4B-00C04F79EFBC}") = "BasicSupport", "BasicSupport\BasicSupport.csproj", "{EF521A1F-3E10-45FC-BFE3-344F321AEA02}"
EndProject
Project("{8BC9CEB8-8B4A-11D0-8D11-00A0C91BC942}") = "Common", "CommonFunction\CommonFunction.vcxproj", "{B3B3DB5B-374E-4384-BD23-EC1899AF513E}"
EndProject
Project("{8BC9CEB8-8B4A-11D0-8D11-00A0C91BC942}") = "CvAdapter", "CvAdapter\CvAdapter.vcxproj", "{FF26A42B-36B4-407F-B799-7DE7D2297E7C}"
EndProject
Project("{FAE04EC0-301F-11D3-BF4B-00C04F79EFBC}") = "CommonInterface", "CommonInterface\CommonInterface.csproj", "{546E4F81-0D15-49D7-BB01-8B5A2FD63651}"
EndProject
Project("{FAE04EC0-301F-11D3-BF4B-00C04F79EFBC}") = "Image Cropper", "ImageCropper\Image Cropper.csproj", "{CE586AF9-E181-49A2-BDDD-83949D08EF42}"
EndProject
Project("{FAE04EC0-301F-11D3-BF4B-00C04F79EFBC}") = "CoolControlEx", "CoolControlEx\CoolControlEx.csproj", "{6AD790E8-A534-4FB2-A89A-E15EDC4072A5}"
EndProject
Project("{8BC9CEB8-8B4A-11D0-8D11-00A0C91BC942}") = "Microsoft.WindowsAPICodePack.DirectX", "DirectX\DirectX\DirectX.vcxproj", "{446B1E21-65A1-4F56-AA2C-D2E24058B2B8}"
EndProject
Project("{FAE04EC0-301F-11D3-BF4B-00C04F79EFBC}") = "FrameworkHelper", "FrameworkHelper\FrameworkHelper.csproj", "{0E9A2E70-D93D-4764-B6C7-9D73F3EAA45A}"
EndProject
Global
	GlobalSection(SolutionConfigurationPlatforms) = preSolution
		Debug with FxCop|Any CPU = Debug with FxCop|Any CPU
		Debug with FxCop|Mixed Platforms = Debug with FxCop|Mixed Platforms
		Debug with FxCop|Win32 = Debug with FxCop|Win32
		Debug with FxCop|x64 = Debug with FxCop|x64
		Debug with FxCop|x86 = Debug with FxCop|x86
		Debug|Any CPU = Debug|Any CPU
		Debug|Mixed Platforms = Debug|Mixed Platforms
		Debug|Win32 = Debug|Win32
		Debug|x64 = Debug|x64
		Debug|x86 = Debug|x86
		Release with FxCop|Any CPU = Release with FxCop|Any CPU
		Release with FxCop|Mixed Platforms = Release with FxCop|Mixed Platforms
		Release with FxCop|Win32 = Release with FxCop|Win32
		Release with FxCop|x64 = Release with FxCop|x64
		Release with FxCop|x86 = Release with FxCop|x86
		Release|Any CPU = Release|Any CPU
		Release|Mixed Platforms = Release|Mixed Platforms
		Release|Win32 = Release|Win32
		Release|x64 = Release|x64
		Release|x86 = Release|x86
		ReleaseX64|Any CPU = ReleaseX64|Any CPU
		ReleaseX64|Mixed Platforms = ReleaseX64|Mixed Platforms
		ReleaseX64|Win32 = ReleaseX64|Win32
		ReleaseX64|x64 = ReleaseX64|x64
		ReleaseX64|x86 = ReleaseX64|x86
	EndGlobalSection
	GlobalSection(ProjectConfigurationPlatforms) = postSolution
		{EF521A1F-3E10-45FC-BFE3-344F321AEA02}.Debug with FxCop|Any CPU.ActiveCfg = Debug|x86
		{EF521A1F-3E10-45FC-BFE3-344F321AEA02}.Debug with FxCop|Mixed Platforms.ActiveCfg = Debug|x86
		{EF521A1F-3E10-45FC-BFE3-344F321AEA02}.Debug with FxCop|Mixed Platforms.Build.0 = Debug|x86
		{EF521A1F-3E10-45FC-BFE3-344F321AEA02}.Debug with FxCop|Win32.ActiveCfg = Debug|x86
		{EF521A1F-3E10-45FC-BFE3-344F321AEA02}.Debug with FxCop|x64.ActiveCfg = Debug|x86
		{EF521A1F-3E10-45FC-BFE3-344F321AEA02}.Debug with FxCop|x86.ActiveCfg = Debug|x86
		{EF521A1F-3E10-45FC-BFE3-344F321AEA02}.Debug with FxCop|x86.Build.0 = Debug|x86
		{EF521A1F-3E10-45FC-BFE3-344F321AEA02}.Debug|Any CPU.ActiveCfg = Debug|Any CPU
		{EF521A1F-3E10-45FC-BFE3-344F321AEA02}.Debug|Any CPU.Build.0 = Debug|Any CPU
		{EF521A1F-3E10-45FC-BFE3-344F321AEA02}.Debug|Mixed Platforms.ActiveCfg = Debug|x86
		{EF521A1F-3E10-45FC-BFE3-344F321AEA02}.Debug|Mixed Platforms.Build.0 = Debug|x86
		{EF521A1F-3E10-45FC-BFE3-344F321AEA02}.Debug|Win32.ActiveCfg = Debug|x86
		{EF521A1F-3E10-45FC-BFE3-344F321AEA02}.Debug|x64.ActiveCfg = Debug|x64
		{EF521A1F-3E10-45FC-BFE3-344F321AEA02}.Debug|x64.Build.0 = Debug|x64
		{EF521A1F-3E10-45FC-BFE3-344F321AEA02}.Debug|x86.ActiveCfg = Debug|x86
		{EF521A1F-3E10-45FC-BFE3-344F321AEA02}.Debug|x86.Build.0 = Debug|x86
		{EF521A1F-3E10-45FC-BFE3-344F321AEA02}.Release with FxCop|Any CPU.ActiveCfg = ReleaseX64|x86
		{EF521A1F-3E10-45FC-BFE3-344F321AEA02}.Release with FxCop|Mixed Platforms.ActiveCfg = ReleaseX64|x86
		{EF521A1F-3E10-45FC-BFE3-344F321AEA02}.Release with FxCop|Mixed Platforms.Build.0 = ReleaseX64|x86
		{EF521A1F-3E10-45FC-BFE3-344F321AEA02}.Release with FxCop|Win32.ActiveCfg = ReleaseX64|x86
		{EF521A1F-3E10-45FC-BFE3-344F321AEA02}.Release with FxCop|x64.ActiveCfg = ReleaseX64|x86
		{EF521A1F-3E10-45FC-BFE3-344F321AEA02}.Release with FxCop|x86.ActiveCfg = ReleaseX64|x86
		{EF521A1F-3E10-45FC-BFE3-344F321AEA02}.Release with FxCop|x86.Build.0 = ReleaseX64|x86
		{EF521A1F-3E10-45FC-BFE3-344F321AEA02}.Release|Any CPU.ActiveCfg = Release|Any CPU
		{EF521A1F-3E10-45FC-BFE3-344F321AEA02}.Release|Any CPU.Build.0 = Release|Any CPU
		{EF521A1F-3E10-45FC-BFE3-344F321AEA02}.Release|Mixed Platforms.ActiveCfg = Release|x86
		{EF521A1F-3E10-45FC-BFE3-344F321AEA02}.Release|Mixed Platforms.Build.0 = Release|x86
		{EF521A1F-3E10-45FC-BFE3-344F321AEA02}.Release|Win32.ActiveCfg = Release|x86
		{EF521A1F-3E10-45FC-BFE3-344F321AEA02}.Release|x64.ActiveCfg = Release|x64
		{EF521A1F-3E10-45FC-BFE3-344F321AEA02}.Release|x64.Build.0 = Release|x64
		{EF521A1F-3E10-45FC-BFE3-344F321AEA02}.Release|x86.ActiveCfg = Release|x86
		{EF521A1F-3E10-45FC-BFE3-344F321AEA02}.Release|x86.Build.0 = Release|x86
		{EF521A1F-3E10-45FC-BFE3-344F321AEA02}.ReleaseX64|Any CPU.ActiveCfg = ReleaseX64|Any CPU
		{EF521A1F-3E10-45FC-BFE3-344F321AEA02}.ReleaseX64|Any CPU.Build.0 = ReleaseX64|Any CPU
		{EF521A1F-3E10-45FC-BFE3-344F321AEA02}.ReleaseX64|Mixed Platforms.ActiveCfg = ReleaseX64|x86
		{EF521A1F-3E10-45FC-BFE3-344F321AEA02}.ReleaseX64|Mixed Platforms.Build.0 = ReleaseX64|x86
		{EF521A1F-3E10-45FC-BFE3-344F321AEA02}.ReleaseX64|Win32.ActiveCfg = ReleaseX64|x86
		{EF521A1F-3E10-45FC-BFE3-344F321AEA02}.ReleaseX64|x64.ActiveCfg = ReleaseX64|x64
		{EF521A1F-3E10-45FC-BFE3-344F321AEA02}.ReleaseX64|x64.Build.0 = ReleaseX64|x64
		{EF521A1F-3E10-45FC-BFE3-344F321AEA02}.ReleaseX64|x86.ActiveCfg = ReleaseX64|x86
		{EF521A1F-3E10-45FC-BFE3-344F321AEA02}.ReleaseX64|x86.Build.0 = ReleaseX64|x86
		{B3B3DB5B-374E-4384-BD23-EC1899AF513E}.Debug with FxCop|Any CPU.ActiveCfg = Debug|x64
		{B3B3DB5B-374E-4384-BD23-EC1899AF513E}.Debug with FxCop|Mixed Platforms.ActiveCfg = Debug|x64
		{B3B3DB5B-374E-4384-BD23-EC1899AF513E}.Debug with FxCop|Mixed Platforms.Build.0 = Debug|x64
		{B3B3DB5B-374E-4384-BD23-EC1899AF513E}.Debug with FxCop|Win32.ActiveCfg = Debug|x64
		{B3B3DB5B-374E-4384-BD23-EC1899AF513E}.Debug with FxCop|x64.ActiveCfg = Debug|x64
		{B3B3DB5B-374E-4384-BD23-EC1899AF513E}.Debug with FxCop|x64.Build.0 = Debug|x64
		{B3B3DB5B-374E-4384-BD23-EC1899AF513E}.Debug with FxCop|x86.ActiveCfg = Debug|x64
		{B3B3DB5B-374E-4384-BD23-EC1899AF513E}.Debug|Any CPU.ActiveCfg = Debug|x64
		{B3B3DB5B-374E-4384-BD23-EC1899AF513E}.Debug|Mixed Platforms.ActiveCfg = Debug|Win32
		{B3B3DB5B-374E-4384-BD23-EC1899AF513E}.Debug|Mixed Platforms.Build.0 = Debug|Win32
		{B3B3DB5B-374E-4384-BD23-EC1899AF513E}.Debug|Win32.ActiveCfg = Debug|Win32
		{B3B3DB5B-374E-4384-BD23-EC1899AF513E}.Debug|Win32.Build.0 = Debug|Win32
		{B3B3DB5B-374E-4384-BD23-EC1899AF513E}.Debug|x64.ActiveCfg = Debug|x64
		{B3B3DB5B-374E-4384-BD23-EC1899AF513E}.Debug|x64.Build.0 = Debug|x64
		{B3B3DB5B-374E-4384-BD23-EC1899AF513E}.Debug|x86.ActiveCfg = Debug|x64
		{B3B3DB5B-374E-4384-BD23-EC1899AF513E}.Release with FxCop|Any CPU.ActiveCfg = Release|x64
		{B3B3DB5B-374E-4384-BD23-EC1899AF513E}.Release with FxCop|Mixed Platforms.ActiveCfg = Release|x64
		{B3B3DB5B-374E-4384-BD23-EC1899AF513E}.Release with FxCop|Mixed Platforms.Build.0 = Release|x64
		{B3B3DB5B-374E-4384-BD23-EC1899AF513E}.Release with FxCop|Win32.ActiveCfg = Release|x64
		{B3B3DB5B-374E-4384-BD23-EC1899AF513E}.Release with FxCop|x64.ActiveCfg = Release|x64
		{B3B3DB5B-374E-4384-BD23-EC1899AF513E}.Release with FxCop|x64.Build.0 = Release|x64
		{B3B3DB5B-374E-4384-BD23-EC1899AF513E}.Release with FxCop|x86.ActiveCfg = Release|x64
		{B3B3DB5B-374E-4384-BD23-EC1899AF513E}.Release|Any CPU.ActiveCfg = Release|x64
		{B3B3DB5B-374E-4384-BD23-EC1899AF513E}.Release|Mixed Platforms.ActiveCfg = Release|x64
		{B3B3DB5B-374E-4384-BD23-EC1899AF513E}.Release|Mixed Platforms.Build.0 = Release|x64
		{B3B3DB5B-374E-4384-BD23-EC1899AF513E}.Release|Win32.ActiveCfg = Release|Win32
		{B3B3DB5B-374E-4384-BD23-EC1899AF513E}.Release|Win32.Build.0 = Release|Win32
		{B3B3DB5B-374E-4384-BD23-EC1899AF513E}.Release|x64.ActiveCfg = Release|x64
		{B3B3DB5B-374E-4384-BD23-EC1899AF513E}.Release|x64.Build.0 = Release|x64
		{B3B3DB5B-374E-4384-BD23-EC1899AF513E}.Release|x86.ActiveCfg = Release|x64
		{B3B3DB5B-374E-4384-BD23-EC1899AF513E}.ReleaseX64|Any CPU.ActiveCfg = ReleaseX64|x64
		{B3B3DB5B-374E-4384-BD23-EC1899AF513E}.ReleaseX64|Mixed Platforms.ActiveCfg = ReleaseX64|x64
		{B3B3DB5B-374E-4384-BD23-EC1899AF513E}.ReleaseX64|Mixed Platforms.Build.0 = ReleaseX64|x64
		{B3B3DB5B-374E-4384-BD23-EC1899AF513E}.ReleaseX64|Win32.ActiveCfg = ReleaseX64|Win32
		{B3B3DB5B-374E-4384-BD23-EC1899AF513E}.ReleaseX64|Win32.Build.0 = ReleaseX64|Win32
		{B3B3DB5B-374E-4384-BD23-EC1899AF513E}.ReleaseX64|x64.ActiveCfg = ReleaseX64|x64
		{B3B3DB5B-374E-4384-BD23-EC1899AF513E}.ReleaseX64|x64.Build.0 = ReleaseX64|x64
		{B3B3DB5B-374E-4384-BD23-EC1899AF513E}.ReleaseX64|x86.ActiveCfg = ReleaseX64|x64
		{FF26A42B-36B4-407F-B799-7DE7D2297E7C}.Debug with FxCop|Any CPU.ActiveCfg = Debug|x64
		{FF26A42B-36B4-407F-B799-7DE7D2297E7C}.Debug with FxCop|Mixed Platforms.ActiveCfg = Debug|x64
		{FF26A42B-36B4-407F-B799-7DE7D2297E7C}.Debug with FxCop|Mixed Platforms.Build.0 = Debug|x64
		{FF26A42B-36B4-407F-B799-7DE7D2297E7C}.Debug with FxCop|Win32.ActiveCfg = Debug|x64
		{FF26A42B-36B4-407F-B799-7DE7D2297E7C}.Debug with FxCop|x64.ActiveCfg = Debug|x64
		{FF26A42B-36B4-407F-B799-7DE7D2297E7C}.Debug with FxCop|x64.Build.0 = Debug|x64
		{FF26A42B-36B4-407F-B799-7DE7D2297E7C}.Debug with FxCop|x86.ActiveCfg = Debug|x64
		{FF26A42B-36B4-407F-B799-7DE7D2297E7C}.Debug|Any CPU.ActiveCfg = Debug|x64
		{FF26A42B-36B4-407F-B799-7DE7D2297E7C}.Debug|Mixed Platforms.ActiveCfg = Debug|Win32
		{FF26A42B-36B4-407F-B799-7DE7D2297E7C}.Debug|Mixed Platforms.Build.0 = Debug|Win32
		{FF26A42B-36B4-407F-B799-7DE7D2297E7C}.Debug|Win32.ActiveCfg = Debug|Win32
		{FF26A42B-36B4-407F-B799-7DE7D2297E7C}.Debug|Win32.Build.0 = Debug|Win32
		{FF26A42B-36B4-407F-B799-7DE7D2297E7C}.Debug|x64.ActiveCfg = Debug|x64
		{FF26A42B-36B4-407F-B799-7DE7D2297E7C}.Debug|x64.Build.0 = Debug|x64
		{FF26A42B-36B4-407F-B799-7DE7D2297E7C}.Debug|x86.ActiveCfg = Debug|x64
		{FF26A42B-36B4-407F-B799-7DE7D2297E7C}.Release with FxCop|Any CPU.ActiveCfg = Release|x64
		{FF26A42B-36B4-407F-B799-7DE7D2297E7C}.Release with FxCop|Mixed Platforms.ActiveCfg = Release|x64
		{FF26A42B-36B4-407F-B799-7DE7D2297E7C}.Release with FxCop|Mixed Platforms.Build.0 = Release|x64
		{FF26A42B-36B4-407F-B799-7DE7D2297E7C}.Release with FxCop|Win32.ActiveCfg = Release|x64
		{FF26A42B-36B4-407F-B799-7DE7D2297E7C}.Release with FxCop|x64.ActiveCfg = Release|x64
		{FF26A42B-36B4-407F-B799-7DE7D2297E7C}.Release with FxCop|x64.Build.0 = Release|x64
		{FF26A42B-36B4-407F-B799-7DE7D2297E7C}.Release with FxCop|x86.ActiveCfg = Release|x64
		{FF26A42B-36B4-407F-B799-7DE7D2297E7C}.Release|Any CPU.ActiveCfg = Release|x64
		{FF26A42B-36B4-407F-B799-7DE7D2297E7C}.Release|Mixed Platforms.ActiveCfg = Release|x64
		{FF26A42B-36B4-407F-B799-7DE7D2297E7C}.Release|Mixed Platforms.Build.0 = Release|x64
		{FF26A42B-36B4-407F-B799-7DE7D2297E7C}.Release|Win32.ActiveCfg = Release|Win32
		{FF26A42B-36B4-407F-B799-7DE7D2297E7C}.Release|Win32.Build.0 = Release|Win32
		{FF26A42B-36B4-407F-B799-7DE7D2297E7C}.Release|x64.ActiveCfg = Release|x64
		{FF26A42B-36B4-407F-B799-7DE7D2297E7C}.Release|x64.Build.0 = Release|x64
		{FF26A42B-36B4-407F-B799-7DE7D2297E7C}.Release|x86.ActiveCfg = Release|x64
		{FF26A42B-36B4-407F-B799-7DE7D2297E7C}.ReleaseX64|Any CPU.ActiveCfg = ReleaseX64|x64
		{FF26A42B-36B4-407F-B799-7DE7D2297E7C}.ReleaseX64|Mixed Platforms.ActiveCfg = ReleaseX64|x64
		{FF26A42B-36B4-407F-B799-7DE7D2297E7C}.ReleaseX64|Mixed Platforms.Build.0 = ReleaseX64|x64
		{FF26A42B-36B4-407F-B799-7DE7D2297E7C}.ReleaseX64|Win32.ActiveCfg = ReleaseX64|Win32
		{FF26A42B-36B4-407F-B799-7DE7D2297E7C}.ReleaseX64|Win32.Build.0 = ReleaseX64|Win32
		{FF26A42B-36B4-407F-B799-7DE7D2297E7C}.ReleaseX64|x64.ActiveCfg = ReleaseX64|x64
		{FF26A42B-36B4-407F-B799-7DE7D2297E7C}.ReleaseX64|x64.Build.0 = ReleaseX64|x64
		{FF26A42B-36B4-407F-B799-7DE7D2297E7C}.ReleaseX64|x86.ActiveCfg = ReleaseX64|x64
		{546E4F81-0D15-49D7-BB01-8B5A2FD63651}.Debug with FxCop|Any CPU.ActiveCfg = Debug|x86
		{546E4F81-0D15-49D7-BB01-8B5A2FD63651}.Debug with FxCop|Mixed Platforms.ActiveCfg = Debug|x86
		{546E4F81-0D15-49D7-BB01-8B5A2FD63651}.Debug with FxCop|Mixed Platforms.Build.0 = Debug|x86
		{546E4F81-0D15-49D7-BB01-8B5A2FD63651}.Debug with FxCop|Win32.ActiveCfg = Debug|x86
		{546E4F81-0D15-49D7-BB01-8B5A2FD63651}.Debug with FxCop|x64.ActiveCfg = Debug|x86
		{546E4F81-0D15-49D7-BB01-8B5A2FD63651}.Debug with FxCop|x86.ActiveCfg = Debug|x86
		{546E4F81-0D15-49D7-BB01-8B5A2FD63651}.Debug with FxCop|x86.Build.0 = Debug|x86
		{546E4F81-0D15-49D7-BB01-8B5A2FD63651}.Debug|Any CPU.ActiveCfg = Debug|Any CPU
		{546E4F81-0D15-49D7-BB01-8B5A2FD63651}.Debug|Any CPU.Build.0 = Debug|Any CPU
		{546E4F81-0D15-49D7-BB01-8B5A2FD63651}.Debug|Mixed Platforms.ActiveCfg = Debug|x86
		{546E4F81-0D15-49D7-BB01-8B5A2FD63651}.Debug|Mixed Platforms.Build.0 = Debug|x86
		{546E4F81-0D15-49D7-BB01-8B5A2FD63651}.Debug|Win32.ActiveCfg = Debug|x86
		{546E4F81-0D15-49D7-BB01-8B5A2FD63651}.Debug|x64.ActiveCfg = Debug|x64
		{546E4F81-0D15-49D7-BB01-8B5A2FD63651}.Debug|x64.Build.0 = Debug|x64
		{546E4F81-0D15-49D7-BB01-8B5A2FD63651}.Debug|x86.ActiveCfg = Debug|x86
		{546E4F81-0D15-49D7-BB01-8B5A2FD63651}.Debug|x86.Build.0 = Debug|x86
		{546E4F81-0D15-49D7-BB01-8B5A2FD63651}.Release with FxCop|Any CPU.ActiveCfg = ReleaseX64|x86
		{546E4F81-0D15-49D7-BB01-8B5A2FD63651}.Release with FxCop|Mixed Platforms.ActiveCfg = ReleaseX64|x86
		{546E4F81-0D15-49D7-BB01-8B5A2FD63651}.Release with FxCop|Mixed Platforms.Build.0 = ReleaseX64|x86
		{546E4F81-0D15-49D7-BB01-8B5A2FD63651}.Release with FxCop|Win32.ActiveCfg = ReleaseX64|x86
		{546E4F81-0D15-49D7-BB01-8B5A2FD63651}.Release with FxCop|x64.ActiveCfg = ReleaseX64|x86
		{546E4F81-0D15-49D7-BB01-8B5A2FD63651}.Release with FxCop|x86.ActiveCfg = ReleaseX64|x86
		{546E4F81-0D15-49D7-BB01-8B5A2FD63651}.Release with FxCop|x86.Build.0 = ReleaseX64|x86
		{546E4F81-0D15-49D7-BB01-8B5A2FD63651}.Release|Any CPU.ActiveCfg = Release|Any CPU
		{546E4F81-0D15-49D7-BB01-8B5A2FD63651}.Release|Any CPU.Build.0 = Release|Any CPU
		{546E4F81-0D15-49D7-BB01-8B5A2FD63651}.Release|Mixed Platforms.ActiveCfg = Release|x86
		{546E4F81-0D15-49D7-BB01-8B5A2FD63651}.Release|Mixed Platforms.Build.0 = Release|x86
		{546E4F81-0D15-49D7-BB01-8B5A2FD63651}.Release|Win32.ActiveCfg = Release|x86
		{546E4F81-0D15-49D7-BB01-8B5A2FD63651}.Release|x64.ActiveCfg = Release|x64
		{546E4F81-0D15-49D7-BB01-8B5A2FD63651}.Release|x64.Build.0 = Release|x64
		{546E4F81-0D15-49D7-BB01-8B5A2FD63651}.Release|x86.ActiveCfg = Release|x86
		{546E4F81-0D15-49D7-BB01-8B5A2FD63651}.Release|x86.Build.0 = Release|x86
		{546E4F81-0D15-49D7-BB01-8B5A2FD63651}.ReleaseX64|Any CPU.ActiveCfg = ReleaseX64|Any CPU
		{546E4F81-0D15-49D7-BB01-8B5A2FD63651}.ReleaseX64|Any CPU.Build.0 = ReleaseX64|Any CPU
		{546E4F81-0D15-49D7-BB01-8B5A2FD63651}.ReleaseX64|Mixed Platforms.ActiveCfg = ReleaseX64|x86
		{546E4F81-0D15-49D7-BB01-8B5A2FD63651}.ReleaseX64|Mixed Platforms.Build.0 = ReleaseX64|x86
		{546E4F81-0D15-49D7-BB01-8B5A2FD63651}.ReleaseX64|Win32.ActiveCfg = ReleaseX64|x86
		{546E4F81-0D15-49D7-BB01-8B5A2FD63651}.ReleaseX64|x64.ActiveCfg = ReleaseX64|x64
		{546E4F81-0D15-49D7-BB01-8B5A2FD63651}.ReleaseX64|x64.Build.0 = ReleaseX64|x64
		{546E4F81-0D15-49D7-BB01-8B5A2FD63651}.ReleaseX64|x86.ActiveCfg = ReleaseX64|x86
		{546E4F81-0D15-49D7-BB01-8B5A2FD63651}.ReleaseX64|x86.Build.0 = ReleaseX64|x86
		{CE586AF9-E181-49A2-BDDD-83949D08EF42}.Debug with FxCop|Any CPU.ActiveCfg = Debug|x86
		{CE586AF9-E181-49A2-BDDD-83949D08EF42}.Debug with FxCop|Mixed Platforms.ActiveCfg = Debug|x86
		{CE586AF9-E181-49A2-BDDD-83949D08EF42}.Debug with FxCop|Mixed Platforms.Build.0 = Debug|x86
		{CE586AF9-E181-49A2-BDDD-83949D08EF42}.Debug with FxCop|Win32.ActiveCfg = Debug|x86
		{CE586AF9-E181-49A2-BDDD-83949D08EF42}.Debug with FxCop|x64.ActiveCfg = Debug|x86
		{CE586AF9-E181-49A2-BDDD-83949D08EF42}.Debug with FxCop|x86.ActiveCfg = Debug|x86
		{CE586AF9-E181-49A2-BDDD-83949D08EF42}.Debug with FxCop|x86.Build.0 = Debug|x86
		{CE586AF9-E181-49A2-BDDD-83949D08EF42}.Debug|Any CPU.ActiveCfg = Debug|Any CPU
		{CE586AF9-E181-49A2-BDDD-83949D08EF42}.Debug|Any CPU.Build.0 = Debug|Any CPU
		{CE586AF9-E181-49A2-BDDD-83949D08EF42}.Debug|Mixed Platforms.ActiveCfg = Debug|x86
		{CE586AF9-E181-49A2-BDDD-83949D08EF42}.Debug|Mixed Platforms.Build.0 = Debug|x86
		{CE586AF9-E181-49A2-BDDD-83949D08EF42}.Debug|Win32.ActiveCfg = Debug|x86
		{CE586AF9-E181-49A2-BDDD-83949D08EF42}.Debug|x64.ActiveCfg = Debug|x64
		{CE586AF9-E181-49A2-BDDD-83949D08EF42}.Debug|x64.Build.0 = Debug|x64
		{CE586AF9-E181-49A2-BDDD-83949D08EF42}.Debug|x86.ActiveCfg = Debug|x86
		{CE586AF9-E181-49A2-BDDD-83949D08EF42}.Debug|x86.Build.0 = Debug|x86
		{CE586AF9-E181-49A2-BDDD-83949D08EF42}.Release with FxCop|Any CPU.ActiveCfg = Release|x86
		{CE586AF9-E181-49A2-BDDD-83949D08EF42}.Release with FxCop|Mixed Platforms.ActiveCfg = Release|x86
		{CE586AF9-E181-49A2-BDDD-83949D08EF42}.Release with FxCop|Mixed Platforms.Build.0 = Release|x86
		{CE586AF9-E181-49A2-BDDD-83949D08EF42}.Release with FxCop|Win32.ActiveCfg = Release|x86
		{CE586AF9-E181-49A2-BDDD-83949D08EF42}.Release with FxCop|x64.ActiveCfg = Release|x86
		{CE586AF9-E181-49A2-BDDD-83949D08EF42}.Release with FxCop|x86.ActiveCfg = Release|x86
		{CE586AF9-E181-49A2-BDDD-83949D08EF42}.Release with FxCop|x86.Build.0 = Release|x86
		{CE586AF9-E181-49A2-BDDD-83949D08EF42}.Release|Any CPU.ActiveCfg = Release|Any CPU
		{CE586AF9-E181-49A2-BDDD-83949D08EF42}.Release|Any CPU.Build.0 = Release|Any CPU
		{CE586AF9-E181-49A2-BDDD-83949D08EF42}.Release|Mixed Platforms.ActiveCfg = Release|x86
		{CE586AF9-E181-49A2-BDDD-83949D08EF42}.Release|Mixed Platforms.Build.0 = Release|x86
		{CE586AF9-E181-49A2-BDDD-83949D08EF42}.Release|Win32.ActiveCfg = Release|x86
		{CE586AF9-E181-49A2-BDDD-83949D08EF42}.Release|x64.ActiveCfg = Release|x64
		{CE586AF9-E181-49A2-BDDD-83949D08EF42}.Release|x64.Build.0 = Release|x64
		{CE586AF9-E181-49A2-BDDD-83949D08EF42}.Release|x86.ActiveCfg = Release|x86
		{CE586AF9-E181-49A2-BDDD-83949D08EF42}.Release|x86.Build.0 = Release|x86
		{CE586AF9-E181-49A2-BDDD-83949D08EF42}.ReleaseX64|Any CPU.ActiveCfg = Release|x86
		{CE586AF9-E181-49A2-BDDD-83949D08EF42}.ReleaseX64|Mixed Platforms.ActiveCfg = Release|x86
		{CE586AF9-E181-49A2-BDDD-83949D08EF42}.ReleaseX64|Mixed Platforms.Build.0 = Release|x86
		{CE586AF9-E181-49A2-BDDD-83949D08EF42}.ReleaseX64|Win32.ActiveCfg = Release|x86
		{CE586AF9-E181-49A2-BDDD-83949D08EF42}.ReleaseX64|x64.ActiveCfg = Release|x86
		{CE586AF9-E181-49A2-BDDD-83949D08EF42}.ReleaseX64|x86.ActiveCfg = Release|x86
		{CE586AF9-E181-49A2-BDDD-83949D08EF42}.ReleaseX64|x86.Build.0 = Release|x86
		{6AD790E8-A534-4FB2-A89A-E15EDC4072A5}.Debug with FxCop|Any CPU.ActiveCfg = Debug|x86
		{6AD790E8-A534-4FB2-A89A-E15EDC4072A5}.Debug with FxCop|Mixed Platforms.ActiveCfg = Debug|x86
		{6AD790E8-A534-4FB2-A89A-E15EDC4072A5}.Debug with FxCop|Mixed Platforms.Build.0 = Debug|x86
		{6AD790E8-A534-4FB2-A89A-E15EDC4072A5}.Debug with FxCop|Win32.ActiveCfg = Debug|x86
		{6AD790E8-A534-4FB2-A89A-E15EDC4072A5}.Debug with FxCop|x64.ActiveCfg = Debug|x86
		{6AD790E8-A534-4FB2-A89A-E15EDC4072A5}.Debug with FxCop|x86.ActiveCfg = Debug|x86
		{6AD790E8-A534-4FB2-A89A-E15EDC4072A5}.Debug with FxCop|x86.Build.0 = Debug|x86
		{6AD790E8-A534-4FB2-A89A-E15EDC4072A5}.Debug|Any CPU.ActiveCfg = Debug|Any CPU
		{6AD790E8-A534-4FB2-A89A-E15EDC4072A5}.Debug|Any CPU.Build.0 = Debug|Any CPU
		{6AD790E8-A534-4FB2-A89A-E15EDC4072A5}.Debug|Mixed Platforms.ActiveCfg = Debug|x86
		{6AD790E8-A534-4FB2-A89A-E15EDC4072A5}.Debug|Mixed Platforms.Build.0 = Debug|x86
		{6AD790E8-A534-4FB2-A89A-E15EDC4072A5}.Debug|Win32.ActiveCfg = Debug|x86
		{6AD790E8-A534-4FB2-A89A-E15EDC4072A5}.Debug|x64.ActiveCfg = Debug|x64
		{6AD790E8-A534-4FB2-A89A-E15EDC4072A5}.Debug|x64.Build.0 = Debug|x64
		{6AD790E8-A534-4FB2-A89A-E15EDC4072A5}.Debug|x86.ActiveCfg = Debug|x86
		{6AD790E8-A534-4FB2-A89A-E15EDC4072A5}.Debug|x86.Build.0 = Debug|x86
		{6AD790E8-A534-4FB2-A89A-E15EDC4072A5}.Release with FxCop|Any CPU.ActiveCfg = ReleaseX64|x86
		{6AD790E8-A534-4FB2-A89A-E15EDC4072A5}.Release with FxCop|Mixed Platforms.ActiveCfg = ReleaseX64|x86
		{6AD790E8-A534-4FB2-A89A-E15EDC4072A5}.Release with FxCop|Mixed Platforms.Build.0 = ReleaseX64|x86
		{6AD790E8-A534-4FB2-A89A-E15EDC4072A5}.Release with FxCop|Win32.ActiveCfg = ReleaseX64|x86
		{6AD790E8-A534-4FB2-A89A-E15EDC4072A5}.Release with FxCop|x64.ActiveCfg = ReleaseX64|x86
		{6AD790E8-A534-4FB2-A89A-E15EDC4072A5}.Release with FxCop|x86.ActiveCfg = ReleaseX64|x86
		{6AD790E8-A534-4FB2-A89A-E15EDC4072A5}.Release with FxCop|x86.Build.0 = ReleaseX64|x86
		{6AD790E8-A534-4FB2-A89A-E15EDC4072A5}.Release|Any CPU.ActiveCfg = Release|Any CPU
		{6AD790E8-A534-4FB2-A89A-E15EDC4072A5}.Release|Any CPU.Build.0 = Release|Any CPU
		{6AD790E8-A534-4FB2-A89A-E15EDC4072A5}.Release|Mixed Platforms.ActiveCfg = Release|x86
		{6AD790E8-A534-4FB2-A89A-E15EDC4072A5}.Release|Mixed Platforms.Build.0 = Release|x86
		{6AD790E8-A534-4FB2-A89A-E15EDC4072A5}.Release|Win32.ActiveCfg = Release|x86
		{6AD790E8-A534-4FB2-A89A-E15EDC4072A5}.Release|x64.ActiveCfg = Release|x64
		{6AD790E8-A534-4FB2-A89A-E15EDC4072A5}.Release|x64.Build.0 = Release|x64
		{6AD790E8-A534-4FB2-A89A-E15EDC4072A5}.Release|x86.ActiveCfg = Release|x86
		{6AD790E8-A534-4FB2-A89A-E15EDC4072A5}.Release|x86.Build.0 = Release|x86
		{6AD790E8-A534-4FB2-A89A-E15EDC4072A5}.ReleaseX64|Any CPU.ActiveCfg = ReleaseX64|Any CPU
		{6AD790E8-A534-4FB2-A89A-E15EDC4072A5}.ReleaseX64|Any CPU.Build.0 = ReleaseX64|Any CPU
		{6AD790E8-A534-4FB2-A89A-E15EDC4072A5}.ReleaseX64|Mixed Platforms.ActiveCfg = ReleaseX64|x86
		{6AD790E8-A534-4FB2-A89A-E15EDC4072A5}.ReleaseX64|Mixed Platforms.Build.0 = ReleaseX64|x86
		{6AD790E8-A534-4FB2-A89A-E15EDC4072A5}.ReleaseX64|Win32.ActiveCfg = ReleaseX64|x86
		{6AD790E8-A534-4FB2-A89A-E15EDC4072A5}.ReleaseX64|x64.ActiveCfg = ReleaseX64|x64
		{6AD790E8-A534-4FB2-A89A-E15EDC4072A5}.ReleaseX64|x64.Build.0 = ReleaseX64|x64
		{6AD790E8-A534-4FB2-A89A-E15EDC4072A5}.ReleaseX64|x86.ActiveCfg = ReleaseX64|x86
		{6AD790E8-A534-4FB2-A89A-E15EDC4072A5}.ReleaseX64|x86.Build.0 = ReleaseX64|x86
		{446B1E21-65A1-4F56-AA2C-D2E24058B2B8}.Debug with FxCop|Any CPU.ActiveCfg = Debug with FxCop|x64
		{446B1E21-65A1-4F56-AA2C-D2E24058B2B8}.Debug with FxCop|Mixed Platforms.ActiveCfg = Debug with FxCop|x64
		{446B1E21-65A1-4F56-AA2C-D2E24058B2B8}.Debug with FxCop|Mixed Platforms.Build.0 = Debug with FxCop|x64
		{446B1E21-65A1-4F56-AA2C-D2E24058B2B8}.Debug with FxCop|Win32.ActiveCfg = Debug with FxCop|Win32
		{446B1E21-65A1-4F56-AA2C-D2E24058B2B8}.Debug with FxCop|Win32.Build.0 = Debug with FxCop|Win32
		{446B1E21-65A1-4F56-AA2C-D2E24058B2B8}.Debug with FxCop|x64.ActiveCfg = Debug with FxCop|x64
		{446B1E21-65A1-4F56-AA2C-D2E24058B2B8}.Debug with FxCop|x64.Build.0 = Debug with FxCop|x64
		{446B1E21-65A1-4F56-AA2C-D2E24058B2B8}.Debug with FxCop|x86.ActiveCfg = Debug with FxCop|x64
		{446B1E21-65A1-4F56-AA2C-D2E24058B2B8}.Debug|Any CPU.ActiveCfg = Debug|x64
		{446B1E21-65A1-4F56-AA2C-D2E24058B2B8}.Debug|Mixed Platforms.ActiveCfg = Debug|Win32
		{446B1E21-65A1-4F56-AA2C-D2E24058B2B8}.Debug|Mixed Platforms.Build.0 = Debug|Win32
		{446B1E21-65A1-4F56-AA2C-D2E24058B2B8}.Debug|Win32.ActiveCfg = Debug|Win32
		{446B1E21-65A1-4F56-AA2C-D2E24058B2B8}.Debug|Win32.Build.0 = Debug|Win32
		{446B1E21-65A1-4F56-AA2C-D2E24058B2B8}.Debug|x64.ActiveCfg = Debug|x64
		{446B1E21-65A1-4F56-AA2C-D2E24058B2B8}.Debug|x64.Build.0 = Debug|x64
		{446B1E21-65A1-4F56-AA2C-D2E24058B2B8}.Debug|x86.ActiveCfg = Debug|x64
		{446B1E21-65A1-4F56-AA2C-D2E24058B2B8}.Release with FxCop|Any CPU.ActiveCfg = Release with FxCop|x64
		{446B1E21-65A1-4F56-AA2C-D2E24058B2B8}.Release with FxCop|Mixed Platforms.ActiveCfg = Release with FxCop|x64
		{446B1E21-65A1-4F56-AA2C-D2E24058B2B8}.Release with FxCop|Mixed Platforms.Build.0 = Release with FxCop|x64
		{446B1E21-65A1-4F56-AA2C-D2E24058B2B8}.Release with FxCop|Win32.ActiveCfg = Release with FxCop|Win32
		{446B1E21-65A1-4F56-AA2C-D2E24058B2B8}.Release with FxCop|Win32.Build.0 = Release with FxCop|Win32
		{446B1E21-65A1-4F56-AA2C-D2E24058B2B8}.Release with FxCop|x64.ActiveCfg = Release with FxCop|x64
		{446B1E21-65A1-4F56-AA2C-D2E24058B2B8}.Release with FxCop|x64.Build.0 = Release with FxCop|x64
		{446B1E21-65A1-4F56-AA2C-D2E24058B2B8}.Release with FxCop|x86.ActiveCfg = Release with FxCop|x64
		{446B1E21-65A1-4F56-AA2C-D2E24058B2B8}.Release|Any CPU.ActiveCfg = Release|x64
		{446B1E21-65A1-4F56-AA2C-D2E24058B2B8}.Release|Mixed Platforms.ActiveCfg = Release|x64
		{446B1E21-65A1-4F56-AA2C-D2E24058B2B8}.Release|Mixed Platforms.Build.0 = Release|x64
		{446B1E21-65A1-4F56-AA2C-D2E24058B2B8}.Release|Win32.ActiveCfg = Release|Win32
		{446B1E21-65A1-4F56-AA2C-D2E24058B2B8}.Release|Win32.Build.0 = Release|Win32
		{446B1E21-65A1-4F56-AA2C-D2E24058B2B8}.Release|x64.ActiveCfg = Release|x64
		{446B1E21-65A1-4F56-AA2C-D2E24058B2B8}.Release|x64.Build.0 = Release|x64
		{446B1E21-65A1-4F56-AA2C-D2E24058B2B8}.Release|x86.ActiveCfg = Release|x64
		{446B1E21-65A1-4F56-AA2C-D2E24058B2B8}.ReleaseX64|Any CPU.ActiveCfg = ReleaseX64|x64
		{446B1E21-65A1-4F56-AA2C-D2E24058B2B8}.ReleaseX64|Mixed Platforms.ActiveCfg = ReleaseX64|x64
		{446B1E21-65A1-4F56-AA2C-D2E24058B2B8}.ReleaseX64|Mixed Platforms.Build.0 = ReleaseX64|x64
		{446B1E21-65A1-4F56-AA2C-D2E24058B2B8}.ReleaseX64|Win32.ActiveCfg = ReleaseX64|Win32
		{446B1E21-65A1-4F56-AA2C-D2E24058B2B8}.ReleaseX64|Win32.Build.0 = ReleaseX64|Win32
		{446B1E21-65A1-4F56-AA2C-D2E24058B2B8}.ReleaseX64|x64.ActiveCfg = ReleaseX64|x64
		{446B1E21-65A1-4F56-AA2C-D2E24058B2B8}.ReleaseX64|x64.Build.0 = ReleaseX64|x64
		{446B1E21-65A1-4F56-AA2C-D2E24058B2B8}.ReleaseX64|x86.ActiveCfg = ReleaseX64|x64
		{0E9A2E70-D93D-4764-B6C7-9D73F3EAA45A}.Debug with FxCop|Any CPU.ActiveCfg = Debug|x86
		{0E9A2E70-D93D-4764-B6C7-9D73F3EAA45A}.Debug with FxCop|Mixed Platforms.ActiveCfg = Debug|x86
		{0E9A2E70-D93D-4764-B6C7-9D73F3EAA45A}.Debug with FxCop|Mixed Platforms.Build.0 = Debug|x86
		{0E9A2E70-D93D-4764-B6C7-9D73F3EAA45A}.Debug with FxCop|Win32.ActiveCfg = Debug|x86
		{0E9A2E70-D93D-4764-B6C7-9D73F3EAA45A}.Debug with FxCop|x64.ActiveCfg = Debug|x86
		{0E9A2E70-D93D-4764-B6C7-9D73F3EAA45A}.Debug with FxCop|x86.ActiveCfg = Debug|x86
		{0E9A2E70-D93D-4764-B6C7-9D73F3EAA45A}.Debug with FxCop|x86.Build.0 = Debug|x86
		{0E9A2E70-D93D-4764-B6C7-9D73F3EAA45A}.Debug|Any CPU.ActiveCfg = Debug|Any CPU
		{0E9A2E70-D93D-4764-B6C7-9D73F3EAA45A}.Debug|Any CPU.Build.0 = Debug|Any CPU
		{0E9A2E70-D93D-4764-B6C7-9D73F3EAA45A}.Debug|Mixed Platforms.ActiveCfg = Debug|x86
		{0E9A2E70-D93D-4764-B6C7-9D73F3EAA45A}.Debug|Mixed Platforms.Build.0 = Debug|x86
		{0E9A2E70-D93D-4764-B6C7-9D73F3EAA45A}.Debug|Win32.ActiveCfg = Debug|x86
		{0E9A2E70-D93D-4764-B6C7-9D73F3EAA45A}.Debug|x64.ActiveCfg = Debug|x64
		{0E9A2E70-D93D-4764-B6C7-9D73F3EAA45A}.Debug|x64.Build.0 = Debug|x64
		{0E9A2E70-D93D-4764-B6C7-9D73F3EAA45A}.Debug|x86.ActiveCfg = Debug|x86
		{0E9A2E70-D93D-4764-B6C7-9D73F3EAA45A}.Debug|x86.Build.0 = Debug|x86
		{0E9A2E70-D93D-4764-B6C7-9D73F3EAA45A}.Release with FxCop|Any CPU.ActiveCfg = ReleaseX64|x86
		{0E9A2E70-D93D-4764-B6C7-9D73F3EAA45A}.Release with FxCop|Mixed Platforms.ActiveCfg = ReleaseX64|x86
		{0E9A2E70-D93D-4764-B6C7-9D73F3EAA45A}.Release with FxCop|Mixed Platforms.Build.0 = ReleaseX64|x86
		{0E9A2E70-D93D-4764-B6C7-9D73F3EAA45A}.Release with FxCop|Win32.ActiveCfg = ReleaseX64|x86
		{0E9A2E70-D93D-4764-B6C7-9D73F3EAA45A}.Release with FxCop|x64.ActiveCfg = ReleaseX64|x86
		{0E9A2E70-D93D-4764-B6C7-9D73F3EAA45A}.Release with FxCop|x86.ActiveCfg = ReleaseX64|x86
		{0E9A2E70-D93D-4764-B6C7-9D73F3EAA45A}.Release with FxCop|x86.Build.0 = ReleaseX64|x86
		{0E9A2E70-D93D-4764-B6C7-9D73F3EAA45A}.Release|Any CPU.ActiveCfg = Release|Any CPU
		{0E9A2E70-D93D-4764-B6C7-9D73F3EAA45A}.Release|Any CPU.Build.0 = Release|Any CPU
		{0E9A2E70-D93D-4764-B6C7-9D73F3EAA45A}.Release|Mixed Platforms.ActiveCfg = Release|x86
		{0E9A2E70-D93D-4764-B6C7-9D73F3EAA45A}.Release|Mixed Platforms.Build.0 = Release|x86
		{0E9A2E70-D93D-4764-B6C7-9D73F3EAA45A}.Release|Win32.ActiveCfg = Release|x86
		{0E9A2E70-D93D-4764-B6C7-9D73F3EAA45A}.Release|x64.ActiveCfg = Release|x64
		{0E9A2E70-D93D-4764-B6C7-9D73F3EAA45A}.Release|x64.Build.0 = Release|x64
		{0E9A2E70-D93D-4764-B6C7-9D73F3EAA45A}.Release|x86.ActiveCfg = Release|x86
		{0E9A2E70-D93D-4764-B6C7-9D73F3EAA45A}.Release|x86.Build.0 = Release|x86
		{0E9A2E70-D93D-4764-B6C7-9D73F3EAA45A}.ReleaseX64|Any CPU.ActiveCfg = ReleaseX64|Any CPU
		{0E9A2E70-D93D-4764-B6C7-9D73F3EAA45A}.ReleaseX64|Any CPU.Build.0 = ReleaseX64|Any CPU
		{0E9A2E70-D93D-4764-B6C7-9D73F3EAA45A}.ReleaseX64|Mixed Platforms.ActiveCfg = ReleaseX64|x86
		{0E9A2E70-D93D-4764-B6C7-9D73F3EAA45A}.ReleaseX64|Mixed Platforms.Build.0 = ReleaseX64|x86
		{0E9A2E70-D93D-4764-B6C7-9D73F3EAA45A}.ReleaseX64|Win32.ActiveCfg = ReleaseX64|x86
		{0E9A2E70-D93D-4764-B6C7-9D73F3EAA45A}.ReleaseX64|x64.ActiveCfg = ReleaseX64|x64
		{0E9A2E70-D93D-4764-B6C7-9D73F3EAA45A}.ReleaseX64|x64.Build.0 = ReleaseX64|x64
		{0E9A2E70-D93D-4764-B6C7-9D73F3EAA45A}.ReleaseX64|x86.ActiveCfg = ReleaseX64|x86
		{0E9A2E70-D93D-4764-B6C7-9D73F3EAA45A}.ReleaseX64|x86.Build.0 = ReleaseX64|x86
	EndGlobalSection
	GlobalSection(SolutionProperties) = preSolution
		HideSolutionNode = FALSE
	EndGlobalSection
EndGlobal
